
Microsoft Visual Studio Solution File, Format Version 11.00
# Visual Studio 2010
Project("{8BC9CEB8-8B4A-11D0-8D11-00A0C91BC942}") = "e11", "e11\e11.vcxproj", "{14958CB1-1FB8-4429-9854-B0923AC04D8E}"
	ProjectSection(ProjectDependencies) = postProject
		{3AF16C4F-7863-4BF9-A470-A39CE68257D1} = {3AF16C4F-7863-4BF9-A470-A39CE68257D1}
		{689CF97F-932A-42BF-A6DB-3FEF8A7EAEA9} = {689CF97F-932A-42BF-A6DB-3FEF8A7EAEA9}
		{3BF5D993-5DC6-48E9-A23C-C05D87EB9C76} = {3BF5D993-5DC6-48E9-A23C-C05D87EB9C76}
		{6687B8A2-4404-438E-9648-1759292930D5} = {6687B8A2-4404-438E-9648-1759292930D5}
		{5166EBF8-D896-4EFF-A0A3-78F034FB12D7} = {5166EBF8-D896-4EFF-A0A3-78F034FB12D7}
		{FE33D5FF-9304-420D-BD8A-75F06CD94FC0} = {FE33D5FF-9304-420D-BD8A-75F06CD94FC0}
	EndProjectSection
EndProject
Project("{8BC9CEB8-8B4A-11D0-8D11-00A0C91BC942}") = "etools", "etools\etools.vcxproj", "{3BF5D993-5DC6-48E9-A23C-C05D87EB9C76}"
EndProject
Project("{8BC9CEB8-8B4A-11D0-8D11-00A0C91BC942}") = "elcd", "elcd\elcd.vcxproj", "{3AF16C4F-7863-4BF9-A470-A39CE68257D1}"
	ProjectSection(ProjectDependencies) = postProject
		{689CF97F-932A-42BF-A6DB-3FEF8A7EAEA9} = {689CF97F-932A-42BF-A6DB-3FEF8A7EAEA9}
		{3BF5D993-5DC6-48E9-A23C-C05D87EB9C76} = {3BF5D993-5DC6-48E9-A23C-C05D87EB9C76}
		{FE33D5FF-9304-420D-BD8A-75F06CD94FC0} = {FE33D5FF-9304-420D-BD8A-75F06CD94FC0}
	EndProjectSection
EndProject
Project("{8BC9CEB8-8B4A-11D0-8D11-00A0C91BC942}") = "eapi", "eapi\eapi.vcxproj", "{689CF97F-932A-42BF-A6DB-3FEF8A7EAEA9}"
EndProject
Project("{8BC9CEB8-8B4A-11D0-8D11-00A0C91BC942}") = "emulator", "emulator\emulator.vcxproj", "{A8F0FA52-4774-407F-B900-E126EDE63A0D}"
	ProjectSection(ProjectDependencies) = postProject
		{6687B8A2-4404-438E-9648-1759292930D5} = {6687B8A2-4404-438E-9648-1759292930D5}
		{14958CB1-1FB8-4429-9854-B0923AC04D8E} = {14958CB1-1FB8-4429-9854-B0923AC04D8E}
		{FE33D5FF-9304-420D-BD8A-75F06CD94FC0} = {FE33D5FF-9304-420D-BD8A-75F06CD94FC0}
	EndProjectSection
EndProject
Project("{8BC9CEB8-8B4A-11D0-8D11-00A0C91BC942}") = "egui", "egui\egui.vcxproj", "{5166EBF8-D896-4EFF-A0A3-78F034FB12D7}"
	ProjectSection(ProjectDependencies) = postProject
		{3AF16C4F-7863-4BF9-A470-A39CE68257D1} = {3AF16C4F-7863-4BF9-A470-A39CE68257D1}
		{689CF97F-932A-42BF-A6DB-3FEF8A7EAEA9} = {689CF97F-932A-42BF-A6DB-3FEF8A7EAEA9}
		{3BF5D993-5DC6-48E9-A23C-C05D87EB9C76} = {3BF5D993-5DC6-48E9-A23C-C05D87EB9C76}
	EndProjectSection
EndProject
Project("{8BC9CEB8-8B4A-11D0-8D11-00A0C91BC942}") = "fatfs", "fatfs\fatfs.vcxproj", "{FE33D5FF-9304-420D-BD8A-75F06CD94FC0}"
EndProject
Project("{8BC9CEB8-8B4A-11D0-8D11-00A0C91BC942}") = "expat", "expat\expat.vcxproj", "{6687B8A2-4404-438E-9648-1759292930D5}"
EndProject
Project("{8BC9CEB8-8B4A-11D0-8D11-00A0C91BC942}") = "egraphics", "egraphics\egraphics.vcxproj", "{6A1D024B-F3F3-4DDE-B424-A64032DD1388}"
EndProject
Global
	GlobalSection(SolutionConfigurationPlatforms) = preSolution
		Debug Multithreaded|Win32 = Debug Multithreaded|Win32
		Debug Singlethreaded|Win32 = Debug Singlethreaded|Win32
		Debug|Win32 = Debug|Win32
		Release Multithreaded|Win32 = Release Multithreaded|Win32
		Release Singlethreaded|Win32 = Release Singlethreaded|Win32
		Release|Win32 = Release|Win32
	EndGlobalSection
	GlobalSection(ProjectConfigurationPlatforms) = postSolution
		{14958CB1-1FB8-4429-9854-B0923AC04D8E}.Debug Multithreaded|Win32.ActiveCfg = Debug|Win32
		{14958CB1-1FB8-4429-9854-B0923AC04D8E}.Debug Multithreaded|Win32.Build.0 = Debug|Win32
		{14958CB1-1FB8-4429-9854-B0923AC04D8E}.Debug Singlethreaded|Win32.ActiveCfg = Debug|Win32
		{14958CB1-1FB8-4429-9854-B0923AC04D8E}.Debug Singlethreaded|Win32.Build.0 = Debug|Win32
		{14958CB1-1FB8-4429-9854-B0923AC04D8E}.Debug|Win32.ActiveCfg = Debug|Win32
		{14958CB1-1FB8-4429-9854-B0923AC04D8E}.Debug|Win32.Build.0 = Debug|Win32
		{14958CB1-1FB8-4429-9854-B0923AC04D8E}.Release Multithreaded|Win32.ActiveCfg = Release|Win32
		{14958CB1-1FB8-4429-9854-B0923AC04D8E}.Release Multithreaded|Win32.Build.0 = Release|Win32
		{14958CB1-1FB8-4429-9854-B0923AC04D8E}.Release Singlethreaded|Win32.ActiveCfg = Release|Win32
		{14958CB1-1FB8-4429-9854-B0923AC04D8E}.Release Singlethreaded|Win32.Build.0 = Release|Win32
		{14958CB1-1FB8-4429-9854-B0923AC04D8E}.Release|Win32.ActiveCfg = Release|Win32
		{14958CB1-1FB8-4429-9854-B0923AC04D8E}.Release|Win32.Build.0 = Release|Win32
		{3BF5D993-5DC6-48E9-A23C-C05D87EB9C76}.Debug Multithreaded|Win32.ActiveCfg = Debug|Win32
		{3BF5D993-5DC6-48E9-A23C-C05D87EB9C76}.Debug Multithreaded|Win32.Build.0 = Debug|Win32
		{3BF5D993-5DC6-48E9-A23C-C05D87EB9C76}.Debug Singlethreaded|Win32.ActiveCfg = Debug|Win32
		{3BF5D993-5DC6-48E9-A23C-C05D87EB9C76}.Debug Singlethreaded|Win32.Build.0 = Debug|Win32
		{3BF5D993-5DC6-48E9-A23C-C05D87EB9C76}.Debug|Win32.ActiveCfg = Debug|Win32
		{3BF5D993-5DC6-48E9-A23C-C05D87EB9C76}.Debug|Win32.Build.0 = Debug|Win32
		{3BF5D993-5DC6-48E9-A23C-C05D87EB9C76}.Release Multithreaded|Win32.ActiveCfg = Release|Win32
		{3BF5D993-5DC6-48E9-A23C-C05D87EB9C76}.Release Multithreaded|Win32.Build.0 = Release|Win32
		{3BF5D993-5DC6-48E9-A23C-C05D87EB9C76}.Release Singlethreaded|Win32.ActiveCfg = Release|Win32
		{3BF5D993-5DC6-48E9-A23C-C05D87EB9C76}.Release Singlethreaded|Win32.Build.0 = Release|Win32
		{3BF5D993-5DC6-48E9-A23C-C05D87EB9C76}.Release|Win32.ActiveCfg = Release|Win32
		{3BF5D993-5DC6-48E9-A23C-C05D87EB9C76}.Release|Win32.Build.0 = Release|Win32
		{3AF16C4F-7863-4BF9-A470-A39CE68257D1}.Debug Multithreaded|Win32.ActiveCfg = Debug|Win32
		{3AF16C4F-7863-4BF9-A470-A39CE68257D1}.Debug Multithreaded|Win32.Build.0 = Debug|Win32
		{3AF16C4F-7863-4BF9-A470-A39CE68257D1}.Debug Singlethreaded|Win32.ActiveCfg = Debug|Win32
		{3AF16C4F-7863-4BF9-A470-A39CE68257D1}.Debug Singlethreaded|Win32.Build.0 = Debug|Win32
		{3AF16C4F-7863-4BF9-A470-A39CE68257D1}.Debug|Win32.ActiveCfg = Debug|Win32
		{3AF16C4F-7863-4BF9-A470-A39CE68257D1}.Debug|Win32.Build.0 = Debug|Win32
		{3AF16C4F-7863-4BF9-A470-A39CE68257D1}.Release Multithreaded|Win32.ActiveCfg = Release|Win32
		{3AF16C4F-7863-4BF9-A470-A39CE68257D1}.Release Multithreaded|Win32.Build.0 = Release|Win32
		{3AF16C4F-7863-4BF9-A470-A39CE68257D1}.Release Singlethreaded|Win32.ActiveCfg = Release|Win32
		{3AF16C4F-7863-4BF9-A470-A39CE68257D1}.Release Singlethreaded|Win32.Build.0 = Release|Win32
		{3AF16C4F-7863-4BF9-A470-A39CE68257D1}.Release|Win32.ActiveCfg = Release|Win32
		{3AF16C4F-7863-4BF9-A470-A39CE68257D1}.Release|Win32.Build.0 = Release|Win32
		{689CF97F-932A-42BF-A6DB-3FEF8A7EAEA9}.Debug Multithreaded|Win32.ActiveCfg = Debug|Win32
		{689CF97F-932A-42BF-A6DB-3FEF8A7EAEA9}.Debug Multithreaded|Win32.Build.0 = Debug|Win32
		{689CF97F-932A-42BF-A6DB-3FEF8A7EAEA9}.Debug Singlethreaded|Win32.ActiveCfg = Debug|Win32
		{689CF97F-932A-42BF-A6DB-3FEF8A7EAEA9}.Debug Singlethreaded|Win32.Build.0 = Debug|Win32
		{689CF97F-932A-42BF-A6DB-3FEF8A7EAEA9}.Debug|Win32.ActiveCfg = Debug|Win32
		{689CF97F-932A-42BF-A6DB-3FEF8A7EAEA9}.Debug|Win32.Build.0 = Debug|Win32
		{689CF97F-932A-42BF-A6DB-3FEF8A7EAEA9}.Release Multithreaded|Win32.ActiveCfg = Release|Win32
		{689CF97F-932A-42BF-A6DB-3FEF8A7EAEA9}.Release Multithreaded|Win32.Build.0 = Release|Win32
		{689CF97F-932A-42BF-A6DB-3FEF8A7EAEA9}.Release Singlethreaded|Win32.ActiveCfg = Release|Win32
		{689CF97F-932A-42BF-A6DB-3FEF8A7EAEA9}.Release Singlethreaded|Win32.Build.0 = Release|Win32
		{689CF97F-932A-42BF-A6DB-3FEF8A7EAEA9}.Release|Win32.ActiveCfg = Release|Win32
		{689CF97F-932A-42BF-A6DB-3FEF8A7EAEA9}.Release|Win32.Build.0 = Release|Win32
		{A8F0FA52-4774-407F-B900-E126EDE63A0D}.Debug Multithreaded|Win32.ActiveCfg = Debug|Win32
		{A8F0FA52-4774-407F-B900-E126EDE63A0D}.Debug Multithreaded|Win32.Build.0 = Debug|Win32
		{A8F0FA52-4774-407F-B900-E126EDE63A0D}.Debug Singlethreaded|Win32.ActiveCfg = Debug|Win32
		{A8F0FA52-4774-407F-B900-E126EDE63A0D}.Debug Singlethreaded|Win32.Build.0 = Debug|Win32
		{A8F0FA52-4774-407F-B900-E126EDE63A0D}.Debug|Win32.ActiveCfg = Debug|Win32
		{A8F0FA52-4774-407F-B900-E126EDE63A0D}.Debug|Win32.Build.0 = Debug|Win32
		{A8F0FA52-4774-407F-B900-E126EDE63A0D}.Release Multithreaded|Win32.ActiveCfg = Release|Win32
		{A8F0FA52-4774-407F-B900-E126EDE63A0D}.Release Multithreaded|Win32.Build.0 = Release|Win32
		{A8F0FA52-4774-407F-B900-E126EDE63A0D}.Release Singlethreaded|Win32.ActiveCfg = Release|Win32
		{A8F0FA52-4774-407F-B900-E126EDE63A0D}.Release Singlethreaded|Win32.Build.0 = Release|Win32
		{A8F0FA52-4774-407F-B900-E126EDE63A0D}.Release|Win32.ActiveCfg = Release|Win32
		{A8F0FA52-4774-407F-B900-E126EDE63A0D}.Release|Win32.Build.0 = Release|Win32
		{5166EBF8-D896-4EFF-A0A3-78F034FB12D7}.Debug Multithreaded|Win32.ActiveCfg = Debug|Win32
		{5166EBF8-D896-4EFF-A0A3-78F034FB12D7}.Debug Multithreaded|Win32.Build.0 = Debug|Win32
		{5166EBF8-D896-4EFF-A0A3-78F034FB12D7}.Debug Singlethreaded|Win32.ActiveCfg = Debug|Win32
		{5166EBF8-D896-4EFF-A0A3-78F034FB12D7}.Debug Singlethreaded|Win32.Build.0 = Debug|Win32
		{5166EBF8-D896-4EFF-A0A3-78F034FB12D7}.Debug|Win32.ActiveCfg = Debug|Win32
		{5166EBF8-D896-4EFF-A0A3-78F034FB12D7}.Debug|Win32.Build.0 = Debug|Win32
		{5166EBF8-D896-4EFF-A0A3-78F034FB12D7}.Release Multithreaded|Win32.ActiveCfg = Release|Win32
		{5166EBF8-D896-4EFF-A0A3-78F034FB12D7}.Release Multithreaded|Win32.Build.0 = Release|Win32
		{5166EBF8-D896-4EFF-A0A3-78F034FB12D7}.Release Singlethreaded|Win32.ActiveCfg = Release|Win32
		{5166EBF8-D896-4EFF-A0A3-78F034FB12D7}.Release Singlethreaded|Win32.Build.0 = Release|Win32
		{5166EBF8-D896-4EFF-A0A3-78F034FB12D7}.Release|Win32.ActiveCfg = Release|Win32
		{5166EBF8-D896-4EFF-A0A3-78F034FB12D7}.Release|Win32.Build.0 = Release|Win32
		{FE33D5FF-9304-420D-BD8A-75F06CD94FC0}.Debug Multithreaded|Win32.ActiveCfg = Debug|Win32
		{FE33D5FF-9304-420D-BD8A-75F06CD94FC0}.Debug Multithreaded|Win32.Build.0 = Debug|Win32
		{FE33D5FF-9304-420D-BD8A-75F06CD94FC0}.Debug Singlethreaded|Win32.ActiveCfg = Debug|Win32
		{FE33D5FF-9304-420D-BD8A-75F06CD94FC0}.Debug Singlethreaded|Win32.Build.0 = Debug|Win32
		{FE33D5FF-9304-420D-BD8A-75F06CD94FC0}.Debug|Win32.ActiveCfg = Debug|Win32
		{FE33D5FF-9304-420D-BD8A-75F06CD94FC0}.Debug|Win32.Build.0 = Debug|Win32
		{FE33D5FF-9304-420D-BD8A-75F06CD94FC0}.Release Multithreaded|Win32.ActiveCfg = Release|Win32
		{FE33D5FF-9304-420D-BD8A-75F06CD94FC0}.Release Multithreaded|Win32.Build.0 = Release|Win32
		{FE33D5FF-9304-420D-BD8A-75F06CD94FC0}.Release Singlethreaded|Win32.ActiveCfg = Release|Win32
		{FE33D5FF-9304-420D-BD8A-75F06CD94FC0}.Release Singlethreaded|Win32.Build.0 = Release|Win32
		{FE33D5FF-9304-420D-BD8A-75F06CD94FC0}.Release|Win32.ActiveCfg = Release|Win32
		{FE33D5FF-9304-420D-BD8A-75F06CD94FC0}.Release|Win32.Build.0 = Release|Win32
		{6687B8A2-4404-438E-9648-1759292930D5}.Debug Multithreaded|Win32.ActiveCfg = Debug|Win32
		{6687B8A2-4404-438E-9648-1759292930D5}.Debug Multithreaded|Win32.Build.0 = Debug|Win32
		{6687B8A2-4404-438E-9648-1759292930D5}.Debug Singlethreaded|Win32.ActiveCfg = Debug|Win32
		{6687B8A2-4404-438E-9648-1759292930D5}.Debug Singlethreaded|Win32.Build.0 = Debug|Win32
		{6687B8A2-4404-438E-9648-1759292930D5}.Debug|Win32.ActiveCfg = Debug|Win32
		{6687B8A2-4404-438E-9648-1759292930D5}.Debug|Win32.Build.0 = Debug|Win32
		{6687B8A2-4404-438E-9648-1759292930D5}.Release Multithreaded|Win32.ActiveCfg = Release|Win32
		{6687B8A2-4404-438E-9648-1759292930D5}.Release Multithreaded|Win32.Build.0 = Release|Win32
		{6687B8A2-4404-438E-9648-1759292930D5}.Release Singlethreaded|Win32.ActiveCfg = Release|Win32
		{6687B8A2-4404-438E-9648-1759292930D5}.Release Singlethreaded|Win32.Build.0 = Release|Win32
		{6687B8A2-4404-438E-9648-1759292930D5}.Release|Win32.ActiveCfg = Release|Win32
		{6687B8A2-4404-438E-9648-1759292930D5}.Release|Win32.Build.0 = Release|Win32
		{6A1D024B-F3F3-4DDE-B424-A64032DD1388}.Debug Multithreaded|Win32.ActiveCfg = Debug|Win32
		{6A1D024B-F3F3-4DDE-B424-A64032DD1388}.Debug Multithreaded|Win32.Build.0 = Debug|Win32
		{6A1D024B-F3F3-4DDE-B424-A64032DD1388}.Debug Singlethreaded|Win32.ActiveCfg = Debug|Win32
		{6A1D024B-F3F3-4DDE-B424-A64032DD1388}.Debug Singlethreaded|Win32.Build.0 = Debug|Win32
		{6A1D024B-F3F3-4DDE-B424-A64032DD1388}.Debug|Win32.ActiveCfg = Debug|Win32
		{6A1D024B-F3F3-4DDE-B424-A64032DD1388}.Debug|Win32.Build.0 = Debug|Win32
		{6A1D024B-F3F3-4DDE-B424-A64032DD1388}.Release Multithreaded|Win32.ActiveCfg = Release|Win32
		{6A1D024B-F3F3-4DDE-B424-A64032DD1388}.Release Multithreaded|Win32.Build.0 = Release|Win32
		{6A1D024B-F3F3-4DDE-B424-A64032DD1388}.Release Singlethreaded|Win32.ActiveCfg = Release|Win32
		{6A1D024B-F3F3-4DDE-B424-A64032DD1388}.Release Singlethreaded|Win32.Build.0 = Release|Win32
		{6A1D024B-F3F3-4DDE-B424-A64032DD1388}.Release|Win32.ActiveCfg = Release|Win32
		{6A1D024B-F3F3-4DDE-B424-A64032DD1388}.Release|Win32.Build.0 = Release|Win32
	EndGlobalSection
	GlobalSection(SolutionProperties) = preSolution
		HideSolutionNode = FALSE
	EndGlobalSection
EndGlobal
