<?xml version="1.0" encoding="utf-8"?>
<Project ToolsVersion="4.0" xmlns="http://schemas.microsoft.com/developer/msbuild/2003">
  <ItemGroup>
    <Filter Include="Fichiers de ressources">
      <UniqueIdentifier>{67DA6AB6-F800-4c08-8B7A-83BB121AAD01}</UniqueIdentifier>
      <Extensions>rc;ico;cur;bmp;dlg;rc2;rct;bin;rgs;gif;jpg;jpeg;jpe;resx;tiff;tif;png;wav;mfcribbon-ms</Extensions>
    </Filter>
    <Filter Include="src">
      <UniqueIdentifier>{4FC737F1-C7A5-4376-A066-2A32D752A2FF}</UniqueIdentifier>
      <Extensions>cpp;c;cc;cxx;def;odl;idl;hpj;bat;asm;asmx</Extensions>
    </Filter>
    <Filter Include="includes">
      <UniqueIdentifier>{93995380-89BD-4b04-88EB-625FBE52EBFB}</UniqueIdentifier>
      <Extensions>h;hpp;hxx;hm;inl;inc;xsd</Extensions>
    </Filter>
    <Filter Include="includes\ui">
      <UniqueIdentifier>{86c2d123-30b9-4ab4-8d4a-3af8c6741280}</UniqueIdentifier>
    </Filter>
    <Filter Include="src\ui">
      <UniqueIdentifier>{b03bd8dc-3c03-4fd6-b5db-13fdafb209d5}</UniqueIdentifier>
    </Filter>
    <Filter Include="includes\factories">
      <UniqueIdentifier>{f94c45be-e18c-4ab6-acd5-f89d52b941e3}</UniqueIdentifier>
    </Filter>
    <Filter Include="src\factories">
      <UniqueIdentifier>{f9d2e89f-3864-4018-940a-b0e5b66f22de}</UniqueIdentifier>
    </Filter>
  </ItemGroup>
  <ItemGroup>
    <None Include="ReadMe.txt" />
  </ItemGroup>
  <ItemGroup>
    <ClCompile Include="src\e11.c">
      <Filter>src</Filter>
    </ClCompile>
    <ClCompile Include="src\toolbox.c">
      <Filter>src</Filter>
    </ClCompile>
    <ClCompile Include="src\e11_ui.c">
      <Filter>src</Filter>
    </ClCompile>
    <ClCompile Include="src\ui\main_ui.c">
      <Filter>src\ui</Filter>
    </ClCompile>
    <ClCompile Include="src\ui\dotpen_ui.c">
      <Filter>src\ui</Filter>
    </ClCompile>
    <ClCompile Include="src\factories\xml_ui_factory.c">
      <Filter>src\factories</Filter>
    </ClCompile>
    <ClCompile Include="src\factories\marking_font_tt_factory.c">
      <Filter>src\factories</Filter>
    </ClCompile>
  </ItemGroup>
  <ItemGroup>
    <ClInclude Include="..\includes\e11.h">
      <Filter>includes</Filter>
    </ClInclude>
    <ClInclude Include="includes\toolbox.h">
      <Filter>includes</Filter>
    </ClInclude>
    <ClInclude Include="includes\e11_ui.h">
      <Filter>includes</Filter>
    </ClInclude>
    <ClInclude Include="includes\ui\dotpen_ui.h">
      <Filter>includes\ui</Filter>
    </ClInclude>
    <ClInclude Include="includes\ui\main_ui.h">
      <Filter>includes\ui</Filter>
    </ClInclude>
    <ClInclude Include="includes\factories\xml_ui_factory.h">
      <Filter>includes\factories</Filter>
    </ClInclude>
    <ClInclude Include="includes\factories\marking_font_tt_factory.h">
      <Filter>includes\factories</Filter>
    </ClInclude>
  </ItemGroup>
</Project>