<?xml version="1.0" encoding="utf-8"?>
<Project ToolsVersion="4.0" xmlns="http://schemas.microsoft.com/developer/msbuild/2003">
  <ItemGroup>
    <Filter Include="Fichiers de ressources">
      <UniqueIdentifier>{67DA6AB6-F800-4c08-8B7A-83BB121AAD01}</UniqueIdentifier>
      <Extensions>rc;ico;cur;bmp;dlg;rc2;rct;bin;rgs;gif;jpg;jpeg;jpe;resx;tiff;tif;png;wav;mfcribbon-ms</Extensions>
    </Filter>
    <Filter Include="src">
      <UniqueIdentifier>{4FC737F1-C7A5-4376-A066-2A32D752A2FF}</UniqueIdentifier>
      <Extensions>cpp;c;cc;cxx;def;odl;idl;hpj;bat;asm;asmx</Extensions>
    </Filter>
    <Filter Include="includes">
      <UniqueIdentifier>{93995380-89BD-4b04-88EB-625FBE52EBFB}</UniqueIdentifier>
      <Extensions>h;hpp;hxx;hm;inl;inc;xsd</Extensions>
    </Filter>
    <Filter Include="includes\graphicsview">
      <UniqueIdentifier>{6b4f7963-7c5c-420c-ae58-b17fb75223bd}</UniqueIdentifier>
    </Filter>
    <Filter Include="src\graphicsview">
      <UniqueIdentifier>{1bbf6062-0caf-40bd-bab5-17a91ccdfc68}</UniqueIdentifier>
    </Filter>
  </ItemGroup>
  <ItemGroup>
    <ClInclude Include="..\includes\esic\egui\widget.h">
      <Filter>includes</Filter>
    </ClInclude>
    <ClInclude Include="..\includes\esic\egui\label.h">
      <Filter>includes</Filter>
    </ClInclude>
    <ClInclude Include="..\includes\esic\egui\textbox.h">
      <Filter>includes</Filter>
    </ClInclude>
    <ClInclude Include="..\includes\esic\egui\image.h">
      <Filter>includes</Filter>
    </ClInclude>
    <ClInclude Include="..\includes\esic\egui\abstract_ui_factory.h">
      <Filter>includes</Filter>
    </ClInclude>
    <ClInclude Include="..\includes\esic\egui\widget_ptr.h">
      <Filter>includes</Filter>
    </ClInclude>
    <ClInclude Include="..\includes\esic\egui\picture.h">
      <Filter>includes</Filter>
    </ClInclude>
    <ClInclude Include="..\includes\esic\egui\checkbox.h">
      <Filter>includes</Filter>
    </ClInclude>
    <ClInclude Include="..\includes\esic\egui\graphicsview\canvas.h">
      <Filter>includes\graphicsview</Filter>
    </ClInclude>
    <ClInclude Include="..\includes\esic\egui\graphicsview\graphics_scene.h">
      <Filter>includes\graphicsview</Filter>
    </ClInclude>
  </ItemGroup>
  <ItemGroup>
    <ClCompile Include="src\label.c">
      <Filter>src</Filter>
    </ClCompile>
    <ClCompile Include="src\textbox.c">
      <Filter>src</Filter>
    </ClCompile>
    <ClCompile Include="src\widget.c">
      <Filter>src</Filter>
    </ClCompile>
    <ClCompile Include="src\widget_ptr.c">
      <Filter>src</Filter>
    </ClCompile>
    <ClCompile Include="src\picture.c">
      <Filter>src</Filter>
    </ClCompile>
    <ClCompile Include="src\checkbox.c">
      <Filter>src</Filter>
    </ClCompile>
    <ClCompile Include="src\graphicsview\canvas.c">
      <Filter>src\graphicsview</Filter>
    </ClCompile>
    <ClCompile Include="src\graphicsview\graphics_scene.c">
      <Filter>src\graphicsview</Filter>
    </ClCompile>
  </ItemGroup>
</Project>