<?xml version="1.0" encoding="utf-8"?>
<Project ToolsVersion="4.0" xmlns="http://schemas.microsoft.com/developer/msbuild/2003">
  <ItemGroup>
    <Filter Include="Fichiers de ressources">
      <UniqueIdentifier>{67DA6AB6-F800-4c08-8B7A-83BB121AAD01}</UniqueIdentifier>
      <Extensions>rc;ico;cur;bmp;dlg;rc2;rct;bin;rgs;gif;jpg;jpeg;jpe;resx;tiff;tif;png;wav;mfcribbon-ms</Extensions>
    </Filter>
    <Filter Include="src">
      <UniqueIdentifier>{4FC737F1-C7A5-4376-A066-2A32D752A2FF}</UniqueIdentifier>
      <Extensions>cpp;c;cc;cxx;def;odl;idl;hpj;bat;asm;asmx</Extensions>
    </Filter>
    <Filter Include="includes">
      <UniqueIdentifier>{93995380-89BD-4b04-88EB-625FBE52EBFB}</UniqueIdentifier>
      <Extensions>h;hpp;hxx;hm;inl;inc;xsd</Extensions>
    </Filter>
    <Filter Include="includes\mvc">
      <UniqueIdentifier>{05e693ea-d1bf-40c2-b020-551bea7f39b0}</UniqueIdentifier>
    </Filter>
    <Filter Include="src\mvc">
      <UniqueIdentifier>{08697402-6df1-460c-80fd-42c1b58dbb08}</UniqueIdentifier>
    </Filter>
  </ItemGroup>
  <ItemGroup>
    <None Include="ReadMe.txt" />
  </ItemGroup>
  <ItemGroup>
    <ClCompile Include="src\container.c">
      <Filter>src</Filter>
    </ClCompile>
    <ClCompile Include="src\hashnode.c">
      <Filter>src</Filter>
    </ClCompile>
    <ClCompile Include="src\hashtable.c">
      <Filter>src</Filter>
    </ClCompile>
    <ClCompile Include="src\list.c">
      <Filter>src</Filter>
    </ClCompile>
    <ClCompile Include="src\map.c">
      <Filter>src</Filter>
    </ClCompile>
    <ClCompile Include="src\vector.c">
      <Filter>src</Filter>
    </ClCompile>
    <ClCompile Include="src\zstring.c">
      <Filter>src</Filter>
    </ClCompile>
    <ClCompile Include="src\zstring_buffer.c">
      <Filter>src</Filter>
    </ClCompile>
    <ClCompile Include="src\mvc\abstract_model.c">
      <Filter>src\mvc</Filter>
    </ClCompile>
    <ClCompile Include="src\mvc\observer_ptr.c">
      <Filter>src\mvc</Filter>
    </ClCompile>
    <ClCompile Include="src\mvc\observer.c">
      <Filter>src\mvc</Filter>
    </ClCompile>
    <ClCompile Include="observable.c">
      <Filter>src\mvc</Filter>
    </ClCompile>
  </ItemGroup>
  <ItemGroup>
    <ClInclude Include="..\includes\esic\etools\container.h">
      <Filter>includes</Filter>
    </ClInclude>
    <ClInclude Include="..\includes\esic\etools\hashnode.h">
      <Filter>includes</Filter>
    </ClInclude>
    <ClInclude Include="..\includes\esic\etools\hashtable.h">
      <Filter>includes</Filter>
    </ClInclude>
    <ClInclude Include="..\includes\esic\etools\list.h">
      <Filter>includes</Filter>
    </ClInclude>
    <ClInclude Include="..\includes\esic\etools\map.h">
      <Filter>includes</Filter>
    </ClInclude>
    <ClInclude Include="..\includes\esic\etools\vector.h">
      <Filter>includes</Filter>
    </ClInclude>
    <ClInclude Include="..\includes\esic\etools\zstring.h">
      <Filter>includes</Filter>
    </ClInclude>
    <ClInclude Include="..\includes\esic\etools\zstring_buffer.h">
      <Filter>includes</Filter>
    </ClInclude>
    <ClInclude Include="..\includes\esic\etools\mvc\abstract_model.h">
      <Filter>includes\mvc</Filter>
    </ClInclude>
    <ClInclude Include="..\includes\esic\etools\mvc\abstract_view.h">
      <Filter>includes\mvc</Filter>
    </ClInclude>
    <ClInclude Include="..\includes\esic\etools\mvc\observer.h">
      <Filter>includes\mvc</Filter>
    </ClInclude>
    <ClInclude Include="..\includes\esic\etools\mvc\observer_ptr.h">
      <Filter>includes\mvc</Filter>
    </ClInclude>
    <ClInclude Include="..\includes\esic\etools\mvc\observable.h">
      <Filter>includes\mvc</Filter>
    </ClInclude>
  </ItemGroup>
</Project>